{
  "name": "uoitpdv2",
  "version": "1.0.0",
  "lockfileVersion": 1,
  "dependencies": {
    "component-emitter": {
      "version": "1.2.1",
      "resolved": "https://registry.npmjs.org/component-emitter/-/component-emitter-1.2.1.tgz",
      "integrity": "sha1-E3kY1teCg/ffemt8WmPhQOaUJeY="
    },
    "html5-geolocation": {
      "version": "1.0.1",
      "resolved": "https://registry.npmjs.org/html5-geolocation/-/html5-geolocation-1.0.1.tgz",
      "integrity": "sha1-Y1Y3B2I/ZBc2W+bHeQN5bCV37XQ="
    }
  }
}
